hash: bf51bd8b1fd6d2c6071e21b20a458e7c423e6f06acc889afcb56603ea5d7e512
updated: 2018-04-23T22:09:26.942751205+02:00
imports:
- name: github.com/asaskevich/govalidator
  version: 7d2e70ef918f16bd6455529af38304d6d025c952
- name: github.com/gin-contrib/sse
  version: 22d885f9ecc78bf4ee5d72b937e4bbcdc58e8cae
- name: github.com/gin-gonic/gin
  version: d459835d2b077e44f7c9b453505ee29881d5d12d
  subpackages:
  - binding
  - render
- name: github.com/golang/protobuf
  version: bbd03ef6da3a115852eaf24c8a1c46aeb39aa175
  subpackages:
  - proto
- name: github.com/jinzhu/gorm
  version: 6ed508ec6a4ecb3531899a69cbc746ccf65a4166
  subpackages:
  - dialects/postgres
  - dialects/sqlite
- name: github.com/jinzhu/inflection
  version: 04140366298a54a039076d798123ffa108fff46c
- name: github.com/mattn/go-isatty
  version: 6ca4dbf54d38eea1a992b3c722a76a5d1c4cb25c
- name: github.com/mattn/go-sqlite3
  version: a72efd674f654961a11ac41aae72c0e43963fe6c
- name: github.com/qor/validations
  version: f364bca61b46bd48a5e32552a37758864fdf005d
- name: github.com/stretchr/testify
  version: 12b6f73e6084dad08a7c6e575284b177ecafbc71
  subpackages:
  - assert
- name: github.com/ugorji/go
  version: 02537d3a3e32ef636a53519265d211bd208ca488
  subpackages:
  - codec
- name: golang.org/x/sys
  version: cc7307a45468e49eaf2997c890f14aa03a26917b
  subpackages:
  - unix
- name: gopkg.in/go-playground/validator.v8
  version: 5f1438d3fca68893a817e4a66806cea46a9e4ebf
- name: gopkg.in/yaml.v2
  version: 7f97868eec74b32b0982dd158a51a446d1da7eb5
testImports:
- name: github.com/davecgh/go-spew
  version: 8991bc29aa16c548c550c7ff78260e27b9ab7c73
  subpackages:
  - spew
- name: github.com/pmezard/go-difflib
  version: 792786c7400a136282c1664665ae0a8db921c6c2
  subpackages:
  - difflib
